
Microsoft Visual Studio Solution File, Format Version 12.00
# Visual Studio Version 16
VisualStudioVersion = 16.0.31321.278
MinimumVisualStudioVersion = 10.0.40219.1
Project("{FAE04EC0-301F-11D3-BF4B-00C04F79EFBC}") = "JadroWielokataProstego", "JadroWielokataProstego\JadroWielokataProstego.csproj", "{F04D5873-7A13-4231-8430-A6FBBE82FECD}"
EndProject
Global
	GlobalSection(SolutionConfigurationPlatforms) = preSolution
		Debug|Any CPU = Debug|Any CPU
		Release|Any CPU = Release|Any CPU
	EndGlobalSection
	GlobalSection(ProjectConfigurationPlatforms) = postSolution
		{F04D5873-7A13-4231-8430-A6FBBE82FECD}.Debug|Any CPU.ActiveCfg = Debug|Any CPU
		{F04D5873-7A13-4231-8430-A6FBBE82FECD}.Debug|Any CPU.Build.0 = Debug|Any CPU
		{F04D5873-7A13-4231-8430-A6FBBE82FECD}.Release|Any CPU.ActiveCfg = Release|Any CPU
		{F04D5873-7A13-4231-8430-A6FBBE82FECD}.Release|Any CPU.Build.0 = Release|Any CPU
	EndGlobalSection
	GlobalSection(SolutionProperties) = preSolution
		HideSolutionNode = FALSE
	EndGlobalSection
	GlobalSection(ExtensibilityGlobals) = postSolution
		SolutionGuid = {D5B322A6-1CE3-4D27-B082-E5DA5D4A3E43}
	EndGlobalSection
EndGlobal
