
Microsoft Visual Studio Solution File, Format Version 12.00
# Visual Studio Version 16
VisualStudioVersion = 16.0.31321.278
MinimumVisualStudioVersion = 10.0.40219.1
Project("{FAE04EC0-301F-11D3-BF4B-00C04F79EFBC}") = "kd-drzewa", "kd-drzewa\kd-drzewa.csproj", "{24D63688-1C2A-47E9-87C0-2D64FC399110}"
EndProject
Global
	GlobalSection(SolutionConfigurationPlatforms) = preSolution
		Debug|Any CPU = Debug|Any CPU
		Release|Any CPU = Release|Any CPU
	EndGlobalSection
	GlobalSection(ProjectConfigurationPlatforms) = postSolution
		{24D63688-1C2A-47E9-87C0-2D64FC399110}.Debug|Any CPU.ActiveCfg = Debug|Any CPU
		{24D63688-1C2A-47E9-87C0-2D64FC399110}.Debug|Any CPU.Build.0 = Debug|Any CPU
		{24D63688-1C2A-47E9-87C0-2D64FC399110}.Release|Any CPU.ActiveCfg = Release|Any CPU
		{24D63688-1C2A-47E9-87C0-2D64FC399110}.Release|Any CPU.Build.0 = Release|Any CPU
	EndGlobalSection
	GlobalSection(SolutionProperties) = preSolution
		HideSolutionNode = FALSE
	EndGlobalSection
	GlobalSection(ExtensibilityGlobals) = postSolution
		SolutionGuid = {9F50FC6C-A3BE-4205-9969-7B6FD5F93B24}
	EndGlobalSection
EndGlobal
